// !$*UTF8*$!
{
	archiveVersion = 1;
	classes = {
	};
	objectVersion = 50;
	objects = {

/* Begin PBXBuildFile section */
		CA3224A4230E807800106897 /* AppDelegate.swift in Sources */ = {isa = PBXBuildFile; fileRef = CA3224A3230E807800106897 /* AppDelegate.swift */; };
		CA3224A6230E807800106897 /* ViewController.swift in Sources */ = {isa = PBXBuildFile; fileRef = CA3224A5230E807800106897 /* ViewController.swift */; };
		CA3224A9230E807800106897 /* Main.storyboard in Resources */ = {isa = PBXBuildFile; fileRef = CA3224A7230E807800106897 /* Main.storyboard */; };
		CA3224AB230E807900106897 /* Assets.xcassets in Resources */ = {isa = PBXBuildFile; fileRef = CA3224AA230E807900106897 /* Assets.xcassets */; };
		CA3224AE230E807900106897 /* LaunchScreen.storyboard in Resources */ = {isa = PBXBuildFile; fileRef = CA3224AC230E807900106897 /* LaunchScreen.storyboard */; };
		CA3224B6230E847500106897 /* FunSized.ttf in Resources */ = {isa = PBXBuildFile; fileRef = CA3224B5230E847400106897 /* FunSized.ttf */; };
		CA3224B8230E847F00106897 /* IndieFlower-Regular.ttf in Resources */ = {isa = PBXBuildFile; fileRef = CA3224B7230E847F00106897 /* IndieFlower-Regular.ttf */; };
		CA5C86C9230E8A95003F7153 /* RegisterViewController.swift in Sources */ = {isa = PBXBuildFile; fileRef = CA5C86C8230E8A95003F7153 /* RegisterViewController.swift */; };
		CA5C86CC230E8B0E003F7153 /* KeychainWrapper.swift in Sources */ = {isa = PBXBuildFile; fileRef = CA5C86CA230E8B0E003F7153 /* KeychainWrapper.swift */; };
		CA5C86CD230E8B0E003F7153 /* KeychainItemAccessibility.swift in Sources */ = {isa = PBXBuildFile; fileRef = CA5C86CB230E8B0E003F7153 /* KeychainItemAccessibility.swift */; };
		CAB8C74C230E9C39008BBC02 /* TeamViewController.swift in Sources */ = {isa = PBXBuildFile; fileRef = CAB8C74B230E9C39008BBC02 /* TeamViewController.swift */; };
		CAB8C74E230EA15F008BBC02 /* GameFieldViewController.swift in Sources */ = {isa = PBXBuildFile; fileRef = CAB8C74D230EA15F008BBC02 /* GameFieldViewController.swift */; };
		CAB8C750230EADD7008BBC02 /* cardflip.wav in Resources */ = {isa = PBXBuildFile; fileRef = CAB8C74F230EADD7008BBC02 /* cardflip.wav */; };
		CAB8C755230EC6FB008BBC02 /* Card.swift in Sources */ = {isa = PBXBuildFile; fileRef = CAB8C754230EC6FB008BBC02 /* Card.swift */; };
/* End PBXBuildFile section */

/* Begin PBXFileReference section */
		CA3224A0230E807800106897 /* MilestoneProject28-30.app */ = {isa = PBXFileReference; explicitFileType = wrapper.application; includeInIndex = 0; path = "MilestoneProject28-30.app"; sourceTree = BUILT_PRODUCTS_DIR; };
		CA3224A3230E807800106897 /* AppDelegate.swift */ = {isa = PBXFileReference; lastKnownFileType = sourcecode.swift; path = AppDelegate.swift; sourceTree = "<group>"; };
		CA3224A5230E807800106897 /* ViewController.swift */ = {isa = PBXFileReference; lastKnownFileType = sourcecode.swift; path = ViewController.swift; sourceTree = "<group>"; };
		CA3224A8230E807800106897 /* Base */ = {isa = PBXFileReference; lastKnownFileType = file.storyboard; name = Base; path = Base.lproj/Main.storyboard; sourceTree = "<group>"; };
		CA3224AA230E807900106897 /* Assets.xcassets */ = {isa = PBXFileReference; lastKnownFileType = folder.assetcatalog; path = Assets.xcassets; sourceTree = "<group>"; };
		CA3224AD230E807900106897 /* Base */ = {isa = PBXFileReference; lastKnownFileType = file.storyboard; name = Base; path = Base.lproj/LaunchScreen.storyboard; sourceTree = "<group>"; };
		CA3224AF230E807900106897 /* Info.plist */ = {isa = PBXFileReference; lastKnownFileType = text.plist.xml; path = Info.plist; sourceTree = "<group>"; };
		CA3224B5230E847400106897 /* FunSized.ttf */ = {isa = PBXFileReference; lastKnownFileType = file; path = FunSized.ttf; sourceTree = "<group>"; };
		CA3224B7230E847F00106897 /* IndieFlower-Regular.ttf */ = {isa = PBXFileReference; lastKnownFileType = file; path = "IndieFlower-Regular.ttf"; sourceTree = "<group>"; };
		CA5C86C8230E8A95003F7153 /* RegisterViewController.swift */ = {isa = PBXFileReference; lastKnownFileType = sourcecode.swift; path = RegisterViewController.swift; sourceTree = "<group>"; };
		CA5C86CA230E8B0E003F7153 /* KeychainWrapper.swift */ = {isa = PBXFileReference; fileEncoding = 4; lastKnownFileType = sourcecode.swift; path = KeychainWrapper.swift; sourceTree = "<group>"; };
		CA5C86CB230E8B0E003F7153 /* KeychainItemAccessibility.swift */ = {isa = PBXFileReference; fileEncoding = 4; lastKnownFileType = sourcecode.swift; path = KeychainItemAccessibility.swift; sourceTree = "<group>"; };
		CAB8C74B230E9C39008BBC02 /* TeamViewController.swift */ = {isa = PBXFileReference; lastKnownFileType = sourcecode.swift; path = TeamViewController.swift; sourceTree = "<group>"; };
		CAB8C74D230EA15F008BBC02 /* GameFieldViewController.swift */ = {isa = PBXFileReference; lastKnownFileType = sourcecode.swift; path = GameFieldViewController.swift; sourceTree = "<group>"; };
		CAB8C74F230EADD7008BBC02 /* cardflip.wav */ = {isa = PBXFileReference; lastKnownFileType = audio.wav; path = cardflip.wav; sourceTree = "<group>"; };
		CAB8C754230EC6FB008BBC02 /* Card.swift */ = {isa = PBXFileReference; lastKnownFileType = sourcecode.swift; path = Card.swift; sourceTree = "<group>"; };
/* End PBXFileReference section */

/* Begin PBXFrameworksBuildPhase section */
		CA32249D230E807800106897 /* Frameworks */ = {
			isa = PBXFrameworksBuildPhase;
			buildActionMask = 2147483647;
			files = (
			);
			runOnlyForDeploymentPostprocessing = 0;
		};
/* End PBXFrameworksBuildPhase section */

/* Begin PBXGroup section */
		CA322497230E807800106897 = {
			isa = PBXGroup;
			children = (
				CA3224A2230E807800106897 /* MilestoneProject28-30 */,
				CA3224A1230E807800106897 /* Products */,
			);
			sourceTree = "<group>";
		};
		CA3224A1230E807800106897 /* Products */ = {
			isa = PBXGroup;
			children = (
				CA3224A0230E807800106897 /* MilestoneProject28-30.app */,
			);
			name = Products;
			sourceTree = "<group>";
		};
		CA3224A2230E807800106897 /* MilestoneProject28-30 */ = {
			isa = PBXGroup;
			children = (
				CAB8C753230EC6EC008BBC02 /* View */,
				CAB8C751230EC6C8008BBC02 /* Controllers */,
				CAB8C756230EC703008BBC02 /* Model */,
				CAB8C752230EC6DF008BBC02 /* Support */,
				CA3224AC230E807900106897 /* LaunchScreen.storyboard */,
				CA3224AF230E807900106897 /* Info.plist */,
			);
			path = "MilestoneProject28-30";
			sourceTree = "<group>";
		};
		CAB8C751230EC6C8008BBC02 /* Controllers */ = {
			isa = PBXGroup;
			children = (
				CA3224A5230E807800106897 /* ViewController.swift */,
				CAB8C74B230E9C39008BBC02 /* TeamViewController.swift */,
				CAB8C74D230EA15F008BBC02 /* GameFieldViewController.swift */,
				CA5C86C8230E8A95003F7153 /* RegisterViewController.swift */,
			);
			path = Controllers;
			sourceTree = "<group>";
		};
		CAB8C752230EC6DF008BBC02 /* Support */ = {
			isa = PBXGroup;
			children = (
				CA5C86CB230E8B0E003F7153 /* KeychainItemAccessibility.swift */,
				CA5C86CA230E8B0E003F7153 /* KeychainWrapper.swift */,
				CA3224B5230E847400106897 /* FunSized.ttf */,
				CA3224B7230E847F00106897 /* IndieFlower-Regular.ttf */,
				CAB8C74F230EADD7008BBC02 /* cardflip.wav */,
			);
			path = Support;
			sourceTree = "<group>";
		};
		CAB8C753230EC6EC008BBC02 /* View */ = {
			isa = PBXGroup;
			children = (
				CA3224A3230E807800106897 /* AppDelegate.swift */,
				CA3224A7230E807800106897 /* Main.storyboard */,
				CA3224AA230E807900106897 /* Assets.xcassets */,
			);
			path = View;
			sourceTree = "<group>";
		};
		CAB8C756230EC703008BBC02 /* Model */ = {
			isa = PBXGroup;
			children = (
				CAB8C754230EC6FB008BBC02 /* Card.swift */,
			);
			path = Model;
			sourceTree = "<group>";
		};
/* End PBXGroup section */

/* Begin PBXNativeTarget section */
		CA32249F230E807800106897 /* MilestoneProject28-30 */ = {
			isa = PBXNativeTarget;
			buildConfigurationList = CA3224B2230E807900106897 /* Build configuration list for PBXNativeTarget "MilestoneProject28-30" */;
			buildPhases = (
				CA32249C230E807800106897 /* Sources */,
				CA32249D230E807800106897 /* Frameworks */,
				CA32249E230E807800106897 /* Resources */,
			);
			buildRules = (
			);
			dependencies = (
			);
			name = "MilestoneProject28-30";
			productName = "MilestoneProject28-30";
			productReference = CA3224A0230E807800106897 /* MilestoneProject28-30.app */;
			productType = "com.apple.product-type.application";
		};
/* End PBXNativeTarget section */

/* Begin PBXProject section */
		CA322498230E807800106897 /* Project object */ = {
			isa = PBXProject;
			attributes = {
				LastSwiftUpdateCheck = 1030;
				LastUpgradeCheck = 1030;
				ORGANIZATIONNAME = "Yury Popov";
				TargetAttributes = {
					CA32249F230E807800106897 = {
						CreatedOnToolsVersion = 10.3;
					};
				};
			};
			buildConfigurationList = CA32249B230E807800106897 /* Build configuration list for PBXProject "MilestoneProject28-30" */;
			compatibilityVersion = "Xcode 9.3";
			developmentRegion = en;
			hasScannedForEncodings = 0;
			knownRegions = (
				en,
				Base,
			);
			mainGroup = CA322497230E807800106897;
			productRefGroup = CA3224A1230E807800106897 /* Products */;
			projectDirPath = "";
			projectRoot = "";
			targets = (
				CA32249F230E807800106897 /* MilestoneProject28-30 */,
			);
		};
/* End PBXProject section */

/* Begin PBXResourcesBuildPhase section */
		CA32249E230E807800106897 /* Resources */ = {
			isa = PBXResourcesBuildPhase;
			buildActionMask = 2147483647;
			files = (
				CA3224B6230E847500106897 /* FunSized.ttf in Resources */,
				CA3224AE230E807900106897 /* LaunchScreen.storyboard in Resources */,
				CA3224AB230E807900106897 /* Assets.xcassets in Resources */,
				CA3224A9230E807800106897 /* Main.storyboard in Resources */,
				CA3224B8230E847F00106897 /* IndieFlower-Regular.ttf in Resources */,
				CAB8C750230EADD7008BBC02 /* cardflip.wav in Resources */,
			);
			runOnlyForDeploymentPostprocessing = 0;
		};
/* End PBXResourcesBuildPhase section */

/* Begin PBXSourcesBuildPhase section */
		CA32249C230E807800106897 /* Sources */ = {
			isa = PBXSourcesBuildPhase;
			buildActionMask = 2147483647;
			files = (
				CA5C86C9230E8A95003F7153 /* RegisterViewController.swift in Sources */,
				CAB8C74C230E9C39008BBC02 /* TeamViewController.swift in Sources */,
				CA5C86CC230E8B0E003F7153 /* KeychainWrapper.swift in Sources */,
				CA3224A6230E807800106897 /* ViewController.swift in Sources */,
				CA5C86CD230E8B0E003F7153 /* KeychainItemAccessibility.swift in Sources */,
				CAB8C74E230EA15F008BBC02 /* GameFieldViewController.swift in Sources */,
				CA3224A4230E807800106897 /* AppDelegate.swift in Sources */,
				CAB8C755230EC6FB008BBC02 /* Card.swift in Sources */,
			);
			runOnlyForDeploymentPostprocessing = 0;
		};
/* End PBXSourcesBuildPhase section */

/* Begin PBXVariantGroup section */
		CA3224A7230E807800106897 /* Main.storyboard */ = {
			isa = PBXVariantGroup;
			children = (
				CA3224A8230E807800106897 /* Base */,
			);
			name = Main.storyboard;
			sourceTree = "<group>";
		};
		CA3224AC230E807900106897 /* LaunchScreen.storyboard */ = {
			isa = PBXVariantGroup;
			children = (
				CA3224AD230E807900106897 /* Base */,
			);
			name = LaunchScreen.storyboard;
			sourceTree = "<group>";
		};
/* End PBXVariantGroup section */

/* Begin XCBuildConfiguration section */
		CA3224B0230E807900106897 /* Debug */ = {
			isa = XCBuildConfiguration;
			buildSettings = {
				ALWAYS_SEARCH_USER_PATHS = NO;
				CLANG_ANALYZER_NONNULL = YES;
				CLANG_ANALYZER_NUMBER_OBJECT_CONVERSION = YES_AGGRESSIVE;
				CLANG_CXX_LANGUAGE_STANDARD = "gnu++14";
				CLANG_CXX_LIBRARY = "libc++";
				CLANG_ENABLE_MODULES = YES;
				CLANG_ENABLE_OBJC_ARC = YES;
				CLANG_ENABLE_OBJC_WEAK = YES;
				CLANG_WARN_BLOCK_CAPTURE_AUTORELEASING = YES;
				CLANG_WARN_BOOL_CONVERSION = YES;
				CLANG_WARN_COMMA = YES;
				CLANG_WARN_CONSTANT_CONVERSION = YES;
				CLANG_WARN_DEPRECATED_OBJC_IMPLEMENTATIONS = YES;
				CLANG_WARN_DIRECT_OBJC_ISA_USAGE = YES_ERROR;
				CLANG_WARN_DOCUMENTATION_COMMENTS = YES;
				CLANG_WARN_EMPTY_BODY = YES;
				CLANG_WARN_ENUM_CONVERSION = YES;
				CLANG_WARN_INFINITE_RECURSION = YES;
				CLANG_WARN_INT_CONVERSION = YES;
				CLANG_WARN_NON_LITERAL_NULL_CONVERSION = YES;
				CLANG_WARN_OBJC_IMPLICIT_RETAIN_SELF = YES;
				CLANG_WARN_OBJC_LITERAL_CONVERSION = YES;
				CLANG_WARN_OBJC_ROOT_CLASS = YES_ERROR;
				CLANG_WARN_RANGE_LOOP_ANALYSIS = YES;
				CLANG_WARN_STRICT_PROTOTYPES = YES;
				CLANG_WARN_SUSPICIOUS_MOVE = YES;
				CLANG_WARN_UNGUARDED_AVAILABILITY = YES_AGGRESSIVE;
				CLANG_WARN_UNREACHABLE_CODE = YES;
				CLANG_WARN__DUPLICATE_METHOD_MATCH = YES;
				CODE_SIGN_IDENTITY = "iPhone Developer";
				COPY_PHASE_STRIP = NO;
				DEBUG_INFORMATION_FORMAT = dwarf;
				ENABLE_STRICT_OBJC_MSGSEND = YES;
				ENABLE_TESTABILITY = YES;
				GCC_C_LANGUAGE_STANDARD = gnu11;
				GCC_DYNAMIC_NO_PIC = NO;
				GCC_NO_COMMON_BLOCKS = YES;
				GCC_OPTIMIZATION_LEVEL = 0;
				GCC_PREPROCESSOR_DEFINITIONS = (
					"DEBUG=1",
					"$(inherited)",
				);
				GCC_WARN_64_TO_32_BIT_CONVERSION = YES;
				GCC_WARN_ABOUT_RETURN_TYPE = YES_ERROR;
				GCC_WARN_UNDECLARED_SELECTOR = YES;
				GCC_WARN_UNINITIALIZED_AUTOS = YES_AGGRESSIVE;
				GCC_WARN_UNUSED_FUNCTION = YES;
				GCC_WARN_UNUSED_VARIABLE = YES;
				IPHONEOS_DEPLOYMENT_TARGET = 12.4;
				MTL_ENABLE_DEBUG_INFO = INCLUDE_SOURCE;
				MTL_FAST_MATH = YES;
				ONLY_ACTIVE_ARCH = YES;
				SDKROOT = iphoneos;
				SWIFT_ACTIVE_COMPILATION_CONDITIONS = DEBUG;
				SWIFT_OPTIMIZATION_LEVEL = "-Onone";
			};
			name = Debug;
		};
		CA3224B1230E807900106897 /* Release */ = {
			isa = XCBuildConfiguration;
			buildSettings = {
				ALWAYS_SEARCH_USER_PATHS = NO;
				CLANG_ANALYZER_NONNULL = YES;
				CLANG_ANALYZER_NUMBER_OBJECT_CONVERSION = YES_AGGRESSIVE;
				CLANG_CXX_LANGUAGE_STANDARD = "gnu++14";
				CLANG_CXX_LIBRARY = "libc++";
				CLANG_ENABLE_MODULES = YES;
				CLANG_ENABLE_OBJC_ARC = YES;
				CLANG_ENABLE_OBJC_WEAK = YES;
				CLANG_WARN_BLOCK_CAPTURE_AUTORELEASING = YES;
				CLANG_WARN_BOOL_CONVERSION = YES;
				CLANG_WARN_COMMA = YES;
				CLANG_WARN_CONSTANT_CONVERSION = YES;
				CLANG_WARN_DEPRECATED_OBJC_IMPLEMENTATIONS = YES;
				CLANG_WARN_DIRECT_OBJC_ISA_USAGE = YES_ERROR;
				CLANG_WARN_DOCUMENTATION_COMMENTS = YES;
				CLANG_WARN_EMPTY_BODY = YES;
				CLANG_WARN_ENUM_CONVERSION = YES;
				CLANG_WARN_INFINITE_RECURSION = YES;
				CLANG_WARN_INT_CONVERSION = YES;
				CLANG_WARN_NON_LITERAL_NULL_CONVERSION = YES;
				CLANG_WARN_OBJC_IMPLICIT_RETAIN_SELF = YES;
				CLANG_WARN_OBJC_LITERAL_CONVERSION = YES;
				CLANG_WARN_OBJC_ROOT_CLASS = YES_ERROR;
				CLANG_WARN_RANGE_LOOP_ANALYSIS = YES;
				CLANG_WARN_STRICT_PROTOTYPES = YES;
				CLANG_WARN_SUSPICIOUS_MOVE = YES;
				CLANG_WARN_UNGUARDED_AVAILABILITY = YES_AGGRESSIVE;
				CLANG_WARN_UNREACHABLE_CODE = YES;
				CLANG_WARN__DUPLICATE_METHOD_MATCH = YES;
				CODE_SIGN_IDENTITY = "iPhone Developer";
				COPY_PHASE_STRIP = NO;
				DEBUG_INFORMATION_FORMAT = "dwarf-with-dsym";
				ENABLE_NS_ASSERTIONS = NO;
				ENABLE_STRICT_OBJC_MSGSEND = YES;
				GCC_C_LANGUAGE_STANDARD = gnu11;
				GCC_NO_COMMON_BLOCKS = YES;
				GCC_WARN_64_TO_32_BIT_CONVERSION = YES;
				GCC_WARN_ABOUT_RETURN_TYPE = YES_ERROR;
				GCC_WARN_UNDECLARED_SELECTOR = YES;
				GCC_WARN_UNINITIALIZED_AUTOS = YES_AGGRESSIVE;
				GCC_WARN_UNUSED_FUNCTION = YES;
				GCC_WARN_UNUSED_VARIABLE = YES;
				IPHONEOS_DEPLOYMENT_TARGET = 12.4;
				MTL_ENABLE_DEBUG_INFO = NO;
				MTL_FAST_MATH = YES;
				SDKROOT = iphoneos;
				SWIFT_COMPILATION_MODE = wholemodule;
				SWIFT_OPTIMIZATION_LEVEL = "-O";
				VALIDATE_PRODUCT = YES;
			};
			name = Release;
		};
		CA3224B3230E807900106897 /* Debug */ = {
			isa = XCBuildConfiguration;
			buildSettings = {
				ASSETCATALOG_COMPILER_APPICON_NAME = AppIcon;
				CODE_SIGN_STYLE = Automatic;
				DEVELOPMENT_TEAM = 54SGD4HVN5;
				INFOPLIST_FILE = "MilestoneProject28-30/Info.plist";
				LD_RUNPATH_SEARCH_PATHS = (
					"$(inherited)",
					"@executable_path/Frameworks",
				);
				PRODUCT_BUNDLE_IDENTIFIER = "com.YuryPopov.MilestoneProject28-30";
				PRODUCT_NAME = "$(TARGET_NAME)";
				SWIFT_VERSION = 5.0;
				TARGETED_DEVICE_FAMILY = "1,2";
			};
			name = Debug;
		};
		CA3224B4230E807900106897 /* Release */ = {
			isa = XCBuildConfiguration;
			buildSettings = {
				ASSETCATALOG_COMPILER_APPICON_NAME = AppIcon;
				CODE_SIGN_STYLE = Automatic;
				DEVELOPMENT_TEAM = 54SGD4HVN5;
				INFOPLIST_FILE = "MilestoneProject28-30/Info.plist";
				LD_RUNPATH_SEARCH_PATHS = (
					"$(inherited)",
					"@executable_path/Frameworks",
				);
				PRODUCT_BUNDLE_IDENTIFIER = "com.YuryPopov.MilestoneProject28-30";
				PRODUCT_NAME = "$(TARGET_NAME)";
				SWIFT_VERSION = 5.0;
				TARGETED_DEVICE_FAMILY = "1,2";
			};
			name = Release;
		};
/* End XCBuildConfiguration section */

/* Begin XCConfigurationList section */
		CA32249B230E807800106897 /* Build configuration list for PBXProject "MilestoneProject28-30" */ = {
			isa = XCConfigurationList;
			buildConfigurations = (
				CA3224B0230E807900106897 /* Debug */,
				CA3224B1230E807900106897 /* Release */,
			);
			defaultConfigurationIsVisible = 0;
			defaultConfigurationName = Release;
		};
		CA3224B2230E807900106897 /* Build configuration list for PBXNativeTarget "MilestoneProject28-30" */ = {
			isa = XCConfigurationList;
			buildConfigurations = (
				CA3224B3230E807900106897 /* Debug */,
				CA3224B4230E807900106897 /* Release */,
			);
			defaultConfigurationIsVisible = 0;
			defaultConfigurationName = Release;
		};
/* End XCConfigurationList section */
	};
	rootObject = CA322498230E807800106897 /* Project object */;
}
