// !$*UTF8*$!
{
	archiveVersion = 1;
	classes = {
	};
	objectVersion = 50;
	objects = {

/* Begin PBXBuildFile section */
		CA75FD9422BBB3D0002BD530 /* AppDelegate.swift in Sources */ = {isa = PBXBuildFile; fileRef = CA75FD9322BBB3D0002BD530 /* AppDelegate.swift */; };
		CA75FD9922BBB3D0002BD530 /* Main.storyboard in Resources */ = {isa = PBXBuildFile; fileRef = CA75FD9722BBB3D0002BD530 /* Main.storyboard */; };
		CA75FD9B22BBB3D1002BD530 /* Assets.xcassets in Resources */ = {isa = PBXBuildFile; fileRef = CA75FD9A22BBB3D1002BD530 /* Assets.xcassets */; };
		CA75FD9E22BBB3D1002BD530 /* LaunchScreen.storyboard in Resources */ = {isa = PBXBuildFile; fileRef = CA75FD9C22BBB3D1002BD530 /* LaunchScreen.storyboard */; };
		CA75FDA622BBB407002BD530 /* TableViewController.swift in Sources */ = {isa = PBXBuildFile; fileRef = CA75FDA522BBB407002BD530 /* TableViewController.swift */; };
/* End PBXBuildFile section */

/* Begin PBXFileReference section */
		CA75FD9022BBB3D0002BD530 /* MilestoneProject4-6.app */ = {isa = PBXFileReference; explicitFileType = wrapper.application; includeInIndex = 0; path = "MilestoneProject4-6.app"; sourceTree = BUILT_PRODUCTS_DIR; };
		CA75FD9322BBB3D0002BD530 /* AppDelegate.swift */ = {isa = PBXFileReference; lastKnownFileType = sourcecode.swift; path = AppDelegate.swift; sourceTree = "<group>"; };
		CA75FD9822BBB3D0002BD530 /* Base */ = {isa = PBXFileReference; lastKnownFileType = file.storyboard; name = Base; path = Base.lproj/Main.storyboard; sourceTree = "<group>"; };
		CA75FD9A22BBB3D1002BD530 /* Assets.xcassets */ = {isa = PBXFileReference; lastKnownFileType = folder.assetcatalog; path = Assets.xcassets; sourceTree = "<group>"; };
		CA75FD9D22BBB3D1002BD530 /* Base */ = {isa = PBXFileReference; lastKnownFileType = file.storyboard; name = Base; path = Base.lproj/LaunchScreen.storyboard; sourceTree = "<group>"; };
		CA75FD9F22BBB3D1002BD530 /* Info.plist */ = {isa = PBXFileReference; lastKnownFileType = text.plist.xml; path = Info.plist; sourceTree = "<group>"; };
		CA75FDA522BBB407002BD530 /* TableViewController.swift */ = {isa = PBXFileReference; lastKnownFileType = sourcecode.swift; path = TableViewController.swift; sourceTree = "<group>"; };
/* End PBXFileReference section */

/* Begin PBXFrameworksBuildPhase section */
		CA75FD8D22BBB3D0002BD530 /* Frameworks */ = {
			isa = PBXFrameworksBuildPhase;
			buildActionMask = 2147483647;
			files = (
			);
			runOnlyForDeploymentPostprocessing = 0;
		};
/* End PBXFrameworksBuildPhase section */

/* Begin PBXGroup section */
		CA75FD8722BBB3D0002BD530 = {
			isa = PBXGroup;
			children = (
				CA75FD9222BBB3D0002BD530 /* MilestoneProject4-6 */,
				CA75FD9122BBB3D0002BD530 /* Products */,
			);
			sourceTree = "<group>";
		};
		CA75FD9122BBB3D0002BD530 /* Products */ = {
			isa = PBXGroup;
			children = (
				CA75FD9022BBB3D0002BD530 /* MilestoneProject4-6.app */,
			);
			name = Products;
			sourceTree = "<group>";
		};
		CA75FD9222BBB3D0002BD530 /* MilestoneProject4-6 */ = {
			isa = PBXGroup;
			children = (
				CA75FD9322BBB3D0002BD530 /* AppDelegate.swift */,
				CA75FD9722BBB3D0002BD530 /* Main.storyboard */,
				CA75FDA522BBB407002BD530 /* TableViewController.swift */,
				CA75FD9A22BBB3D1002BD530 /* Assets.xcassets */,
				CA75FD9C22BBB3D1002BD530 /* LaunchScreen.storyboard */,
				CA75FD9F22BBB3D1002BD530 /* Info.plist */,
			);
			path = "MilestoneProject4-6";
			sourceTree = "<group>";
		};
/* End PBXGroup section */

/* Begin PBXNativeTarget section */
		CA75FD8F22BBB3D0002BD530 /* MilestoneProject4-6 */ = {
			isa = PBXNativeTarget;
			buildConfigurationList = CA75FDA222BBB3D1002BD530 /* Build configuration list for PBXNativeTarget "MilestoneProject4-6" */;
			buildPhases = (
				CA75FD8C22BBB3D0002BD530 /* Sources */,
				CA75FD8D22BBB3D0002BD530 /* Frameworks */,
				CA75FD8E22BBB3D0002BD530 /* Resources */,
			);
			buildRules = (
			);
			dependencies = (
			);
			name = "MilestoneProject4-6";
			productName = "MilestoneProject4-6";
			productReference = CA75FD9022BBB3D0002BD530 /* MilestoneProject4-6.app */;
			productType = "com.apple.product-type.application";
		};
/* End PBXNativeTarget section */

/* Begin PBXProject section */
		CA75FD8822BBB3D0002BD530 /* Project object */ = {
			isa = PBXProject;
			attributes = {
				LastSwiftUpdateCheck = 1020;
				LastUpgradeCheck = 1020;
				ORGANIZATIONNAME = "Yury Popov";
				TargetAttributes = {
					CA75FD8F22BBB3D0002BD530 = {
						CreatedOnToolsVersion = 10.2.1;
					};
				};
			};
			buildConfigurationList = CA75FD8B22BBB3D0002BD530 /* Build configuration list for PBXProject "MilestoneProject4-6" */;
			compatibilityVersion = "Xcode 9.3";
			developmentRegion = en;
			hasScannedForEncodings = 0;
			knownRegions = (
				en,
				Base,
			);
			mainGroup = CA75FD8722BBB3D0002BD530;
			productRefGroup = CA75FD9122BBB3D0002BD530 /* Products */;
			projectDirPath = "";
			projectRoot = "";
			targets = (
				CA75FD8F22BBB3D0002BD530 /* MilestoneProject4-6 */,
			);
		};
/* End PBXProject section */

/* Begin PBXResourcesBuildPhase section */
		CA75FD8E22BBB3D0002BD530 /* Resources */ = {
			isa = PBXResourcesBuildPhase;
			buildActionMask = 2147483647;
			files = (
				CA75FD9E22BBB3D1002BD530 /* LaunchScreen.storyboard in Resources */,
				CA75FD9B22BBB3D1002BD530 /* Assets.xcassets in Resources */,
				CA75FD9922BBB3D0002BD530 /* Main.storyboard in Resources */,
			);
			runOnlyForDeploymentPostprocessing = 0;
		};
/* End PBXResourcesBuildPhase section */

/* Begin PBXSourcesBuildPhase section */
		CA75FD8C22BBB3D0002BD530 /* Sources */ = {
			isa = PBXSourcesBuildPhase;
			buildActionMask = 2147483647;
			files = (
				CA75FD9422BBB3D0002BD530 /* AppDelegate.swift in Sources */,
				CA75FDA622BBB407002BD530 /* TableViewController.swift in Sources */,
			);
			runOnlyForDeploymentPostprocessing = 0;
		};
/* End PBXSourcesBuildPhase section */

/* Begin PBXVariantGroup section */
		CA75FD9722BBB3D0002BD530 /* Main.storyboard */ = {
			isa = PBXVariantGroup;
			children = (
				CA75FD9822BBB3D0002BD530 /* Base */,
			);
			name = Main.storyboard;
			sourceTree = "<group>";
		};
		CA75FD9C22BBB3D1002BD530 /* LaunchScreen.storyboard */ = {
			isa = PBXVariantGroup;
			children = (
				CA75FD9D22BBB3D1002BD530 /* Base */,
			);
			name = LaunchScreen.storyboard;
			sourceTree = "<group>";
		};
/* End PBXVariantGroup section */

/* Begin XCBuildConfiguration section */
		CA75FDA022BBB3D1002BD530 /* Debug */ = {
			isa = XCBuildConfiguration;
			buildSettings = {
				ALWAYS_SEARCH_USER_PATHS = NO;
				CLANG_ANALYZER_NONNULL = YES;
				CLANG_ANALYZER_NUMBER_OBJECT_CONVERSION = YES_AGGRESSIVE;
				CLANG_CXX_LANGUAGE_STANDARD = "gnu++14";
				CLANG_CXX_LIBRARY = "libc++";
				CLANG_ENABLE_MODULES = YES;
				CLANG_ENABLE_OBJC_ARC = YES;
				CLANG_ENABLE_OBJC_WEAK = YES;
				CLANG_WARN_BLOCK_CAPTURE_AUTORELEASING = YES;
				CLANG_WARN_BOOL_CONVERSION = YES;
				CLANG_WARN_COMMA = YES;
				CLANG_WARN_CONSTANT_CONVERSION = YES;
				CLANG_WARN_DEPRECATED_OBJC_IMPLEMENTATIONS = YES;
				CLANG_WARN_DIRECT_OBJC_ISA_USAGE = YES_ERROR;
				CLANG_WARN_DOCUMENTATION_COMMENTS = YES;
				CLANG_WARN_EMPTY_BODY = YES;
				CLANG_WARN_ENUM_CONVERSION = YES;
				CLANG_WARN_INFINITE_RECURSION = YES;
				CLANG_WARN_INT_CONVERSION = YES;
				CLANG_WARN_NON_LITERAL_NULL_CONVERSION = YES;
				CLANG_WARN_OBJC_IMPLICIT_RETAIN_SELF = YES;
				CLANG_WARN_OBJC_LITERAL_CONVERSION = YES;
				CLANG_WARN_OBJC_ROOT_CLASS = YES_ERROR;
				CLANG_WARN_RANGE_LOOP_ANALYSIS = YES;
				CLANG_WARN_STRICT_PROTOTYPES = YES;
				CLANG_WARN_SUSPICIOUS_MOVE = YES;
				CLANG_WARN_UNGUARDED_AVAILABILITY = YES_AGGRESSIVE;
				CLANG_WARN_UNREACHABLE_CODE = YES;
				CLANG_WARN__DUPLICATE_METHOD_MATCH = YES;
				CODE_SIGN_IDENTITY = "iPhone Developer";
				COPY_PHASE_STRIP = NO;
				DEBUG_INFORMATION_FORMAT = dwarf;
				ENABLE_STRICT_OBJC_MSGSEND = YES;
				ENABLE_TESTABILITY = YES;
				GCC_C_LANGUAGE_STANDARD = gnu11;
				GCC_DYNAMIC_NO_PIC = NO;
				GCC_NO_COMMON_BLOCKS = YES;
				GCC_OPTIMIZATION_LEVEL = 0;
				GCC_PREPROCESSOR_DEFINITIONS = (
					"DEBUG=1",
					"$(inherited)",
				);
				GCC_WARN_64_TO_32_BIT_CONVERSION = YES;
				GCC_WARN_ABOUT_RETURN_TYPE = YES_ERROR;
				GCC_WARN_UNDECLARED_SELECTOR = YES;
				GCC_WARN_UNINITIALIZED_AUTOS = YES_AGGRESSIVE;
				GCC_WARN_UNUSED_FUNCTION = YES;
				GCC_WARN_UNUSED_VARIABLE = YES;
				IPHONEOS_DEPLOYMENT_TARGET = 12.2;
				MTL_ENABLE_DEBUG_INFO = INCLUDE_SOURCE;
				MTL_FAST_MATH = YES;
				ONLY_ACTIVE_ARCH = YES;
				SDKROOT = iphoneos;
				SWIFT_ACTIVE_COMPILATION_CONDITIONS = DEBUG;
				SWIFT_OPTIMIZATION_LEVEL = "-Onone";
			};
			name = Debug;
		};
		CA75FDA122BBB3D1002BD530 /* Release */ = {
			isa = XCBuildConfiguration;
			buildSettings = {
				ALWAYS_SEARCH_USER_PATHS = NO;
				CLANG_ANALYZER_NONNULL = YES;
				CLANG_ANALYZER_NUMBER_OBJECT_CONVERSION = YES_AGGRESSIVE;
				CLANG_CXX_LANGUAGE_STANDARD = "gnu++14";
				CLANG_CXX_LIBRARY = "libc++";
				CLANG_ENABLE_MODULES = YES;
				CLANG_ENABLE_OBJC_ARC = YES;
				CLANG_ENABLE_OBJC_WEAK = YES;
				CLANG_WARN_BLOCK_CAPTURE_AUTORELEASING = YES;
				CLANG_WARN_BOOL_CONVERSION = YES;
				CLANG_WARN_COMMA = YES;
				CLANG_WARN_CONSTANT_CONVERSION = YES;
				CLANG_WARN_DEPRECATED_OBJC_IMPLEMENTATIONS = YES;
				CLANG_WARN_DIRECT_OBJC_ISA_USAGE = YES_ERROR;
				CLANG_WARN_DOCUMENTATION_COMMENTS = YES;
				CLANG_WARN_EMPTY_BODY = YES;
				CLANG_WARN_ENUM_CONVERSION = YES;
				CLANG_WARN_INFINITE_RECURSION = YES;
				CLANG_WARN_INT_CONVERSION = YES;
				CLANG_WARN_NON_LITERAL_NULL_CONVERSION = YES;
				CLANG_WARN_OBJC_IMPLICIT_RETAIN_SELF = YES;
				CLANG_WARN_OBJC_LITERAL_CONVERSION = YES;
				CLANG_WARN_OBJC_ROOT_CLASS = YES_ERROR;
				CLANG_WARN_RANGE_LOOP_ANALYSIS = YES;
				CLANG_WARN_STRICT_PROTOTYPES = YES;
				CLANG_WARN_SUSPICIOUS_MOVE = YES;
				CLANG_WARN_UNGUARDED_AVAILABILITY = YES_AGGRESSIVE;
				CLANG_WARN_UNREACHABLE_CODE = YES;
				CLANG_WARN__DUPLICATE_METHOD_MATCH = YES;
				CODE_SIGN_IDENTITY = "iPhone Developer";
				COPY_PHASE_STRIP = NO;
				DEBUG_INFORMATION_FORMAT = "dwarf-with-dsym";
				ENABLE_NS_ASSERTIONS = NO;
				ENABLE_STRICT_OBJC_MSGSEND = YES;
				GCC_C_LANGUAGE_STANDARD = gnu11;
				GCC_NO_COMMON_BLOCKS = YES;
				GCC_WARN_64_TO_32_BIT_CONVERSION = YES;
				GCC_WARN_ABOUT_RETURN_TYPE = YES_ERROR;
				GCC_WARN_UNDECLARED_SELECTOR = YES;
				GCC_WARN_UNINITIALIZED_AUTOS = YES_AGGRESSIVE;
				GCC_WARN_UNUSED_FUNCTION = YES;
				GCC_WARN_UNUSED_VARIABLE = YES;
				IPHONEOS_DEPLOYMENT_TARGET = 12.2;
				MTL_ENABLE_DEBUG_INFO = NO;
				MTL_FAST_MATH = YES;
				SDKROOT = iphoneos;
				SWIFT_COMPILATION_MODE = wholemodule;
				SWIFT_OPTIMIZATION_LEVEL = "-O";
				VALIDATE_PRODUCT = YES;
			};
			name = Release;
		};
		CA75FDA322BBB3D1002BD530 /* Debug */ = {
			isa = XCBuildConfiguration;
			buildSettings = {
				ASSETCATALOG_COMPILER_APPICON_NAME = AppIcon;
				CODE_SIGN_STYLE = Automatic;
				DEVELOPMENT_TEAM = 54SGD4HVN5;
				INFOPLIST_FILE = "MilestoneProject4-6/Info.plist";
				LD_RUNPATH_SEARCH_PATHS = (
					"$(inherited)",
					"@executable_path/Frameworks",
				);
				PRODUCT_BUNDLE_IDENTIFIER = "com.YuryPopov.MilestoneProject4-6";
				PRODUCT_NAME = "$(TARGET_NAME)";
				SWIFT_VERSION = 5.0;
				TARGETED_DEVICE_FAMILY = "1,2";
			};
			name = Debug;
		};
		CA75FDA422BBB3D1002BD530 /* Release */ = {
			isa = XCBuildConfiguration;
			buildSettings = {
				ASSETCATALOG_COMPILER_APPICON_NAME = AppIcon;
				CODE_SIGN_STYLE = Automatic;
				DEVELOPMENT_TEAM = 54SGD4HVN5;
				INFOPLIST_FILE = "MilestoneProject4-6/Info.plist";
				LD_RUNPATH_SEARCH_PATHS = (
					"$(inherited)",
					"@executable_path/Frameworks",
				);
				PRODUCT_BUNDLE_IDENTIFIER = "com.YuryPopov.MilestoneProject4-6";
				PRODUCT_NAME = "$(TARGET_NAME)";
				SWIFT_VERSION = 5.0;
				TARGETED_DEVICE_FAMILY = "1,2";
			};
			name = Release;
		};
/* End XCBuildConfiguration section */

/* Begin XCConfigurationList section */
		CA75FD8B22BBB3D0002BD530 /* Build configuration list for PBXProject "MilestoneProject4-6" */ = {
			isa = XCConfigurationList;
			buildConfigurations = (
				CA75FDA022BBB3D1002BD530 /* Debug */,
				CA75FDA122BBB3D1002BD530 /* Release */,
			);
			defaultConfigurationIsVisible = 0;
			defaultConfigurationName = Release;
		};
		CA75FDA222BBB3D1002BD530 /* Build configuration list for PBXNativeTarget "MilestoneProject4-6" */ = {
			isa = XCConfigurationList;
			buildConfigurations = (
				CA75FDA322BBB3D1002BD530 /* Debug */,
				CA75FDA422BBB3D1002BD530 /* Release */,
			);
			defaultConfigurationIsVisible = 0;
			defaultConfigurationName = Release;
		};
/* End XCConfigurationList section */
	};
	rootObject = CA75FD8822BBB3D0002BD530 /* Project object */;
}
