// !$*UTF8*$!
{
	archiveVersion = 1;
	classes = {
	};
	objectVersion = 50;
	objects = {

/* Begin PBXBuildFile section */
		CA6D00DB22D3745500FDA80A /* AppDelegate.swift in Sources */ = {isa = PBXBuildFile; fileRef = CA6D00DA22D3745500FDA80A /* AppDelegate.swift */; };
		CA6D00DD22D3745500FDA80A /* GameScene.sks in Resources */ = {isa = PBXBuildFile; fileRef = CA6D00DC22D3745500FDA80A /* GameScene.sks */; };
		CA6D00E122D3745500FDA80A /* GameScene.swift in Sources */ = {isa = PBXBuildFile; fileRef = CA6D00E022D3745500FDA80A /* GameScene.swift */; };
		CA6D00E322D3745500FDA80A /* GameViewController.swift in Sources */ = {isa = PBXBuildFile; fileRef = CA6D00E222D3745500FDA80A /* GameViewController.swift */; };
		CA6D00E622D3745500FDA80A /* Main.storyboard in Resources */ = {isa = PBXBuildFile; fileRef = CA6D00E422D3745500FDA80A /* Main.storyboard */; };
		CA6D00E822D3745500FDA80A /* Assets.xcassets in Resources */ = {isa = PBXBuildFile; fileRef = CA6D00E722D3745500FDA80A /* Assets.xcassets */; };
		CA6D00EB22D3745500FDA80A /* LaunchScreen.storyboard in Resources */ = {isa = PBXBuildFile; fileRef = CA6D00E922D3745500FDA80A /* LaunchScreen.storyboard */; };
		CA6D00F422D374EE00FDA80A /* starfield.sks in Resources */ = {isa = PBXBuildFile; fileRef = CA6D00F222D374ED00FDA80A /* starfield.sks */; };
		CA6D00F522D374EE00FDA80A /* explosion.sks in Resources */ = {isa = PBXBuildFile; fileRef = CA6D00F322D374ED00FDA80A /* explosion.sks */; };
/* End PBXBuildFile section */

/* Begin PBXFileReference section */
		CA6D00D722D3745500FDA80A /* Project17.app */ = {isa = PBXFileReference; explicitFileType = wrapper.application; includeInIndex = 0; path = Project17.app; sourceTree = BUILT_PRODUCTS_DIR; };
		CA6D00DA22D3745500FDA80A /* AppDelegate.swift */ = {isa = PBXFileReference; lastKnownFileType = sourcecode.swift; path = AppDelegate.swift; sourceTree = "<group>"; };
		CA6D00DC22D3745500FDA80A /* GameScene.sks */ = {isa = PBXFileReference; lastKnownFileType = file.sks; path = GameScene.sks; sourceTree = "<group>"; };
		CA6D00E022D3745500FDA80A /* GameScene.swift */ = {isa = PBXFileReference; lastKnownFileType = sourcecode.swift; path = GameScene.swift; sourceTree = "<group>"; };
		CA6D00E222D3745500FDA80A /* GameViewController.swift */ = {isa = PBXFileReference; lastKnownFileType = sourcecode.swift; path = GameViewController.swift; sourceTree = "<group>"; };
		CA6D00E522D3745500FDA80A /* Base */ = {isa = PBXFileReference; lastKnownFileType = file.storyboard; name = Base; path = Base.lproj/Main.storyboard; sourceTree = "<group>"; };
		CA6D00E722D3745500FDA80A /* Assets.xcassets */ = {isa = PBXFileReference; lastKnownFileType = folder.assetcatalog; path = Assets.xcassets; sourceTree = "<group>"; };
		CA6D00EA22D3745500FDA80A /* Base */ = {isa = PBXFileReference; lastKnownFileType = file.storyboard; name = Base; path = Base.lproj/LaunchScreen.storyboard; sourceTree = "<group>"; };
		CA6D00EC22D3745500FDA80A /* Info.plist */ = {isa = PBXFileReference; lastKnownFileType = text.plist.xml; path = Info.plist; sourceTree = "<group>"; };
		CA6D00F222D374ED00FDA80A /* starfield.sks */ = {isa = PBXFileReference; lastKnownFileType = file.sks; path = starfield.sks; sourceTree = "<group>"; };
		CA6D00F322D374ED00FDA80A /* explosion.sks */ = {isa = PBXFileReference; lastKnownFileType = file.sks; path = explosion.sks; sourceTree = "<group>"; };
/* End PBXFileReference section */

/* Begin PBXFrameworksBuildPhase section */
		CA6D00D422D3745500FDA80A /* Frameworks */ = {
			isa = PBXFrameworksBuildPhase;
			buildActionMask = 2147483647;
			files = (
			);
			runOnlyForDeploymentPostprocessing = 0;
		};
/* End PBXFrameworksBuildPhase section */

/* Begin PBXGroup section */
		CA6D00CE22D3745500FDA80A = {
			isa = PBXGroup;
			children = (
				CA6D00D922D3745500FDA80A /* Project17 */,
				CA6D00D822D3745500FDA80A /* Products */,
			);
			sourceTree = "<group>";
		};
		CA6D00D822D3745500FDA80A /* Products */ = {
			isa = PBXGroup;
			children = (
				CA6D00D722D3745500FDA80A /* Project17.app */,
			);
			name = Products;
			sourceTree = "<group>";
		};
		CA6D00D922D3745500FDA80A /* Project17 */ = {
			isa = PBXGroup;
			children = (
				CA6D00DA22D3745500FDA80A /* AppDelegate.swift */,
				CA6D00DC22D3745500FDA80A /* GameScene.sks */,
				CA6D00E022D3745500FDA80A /* GameScene.swift */,
				CA6D00E222D3745500FDA80A /* GameViewController.swift */,
				CA6D00E422D3745500FDA80A /* Main.storyboard */,
				CA6D00E722D3745500FDA80A /* Assets.xcassets */,
				CA6D00E922D3745500FDA80A /* LaunchScreen.storyboard */,
				CA6D00EC22D3745500FDA80A /* Info.plist */,
				CA6D00F322D374ED00FDA80A /* explosion.sks */,
				CA6D00F222D374ED00FDA80A /* starfield.sks */,
			);
			path = Project17;
			sourceTree = "<group>";
		};
/* End PBXGroup section */

/* Begin PBXNativeTarget section */
		CA6D00D622D3745500FDA80A /* Project17 */ = {
			isa = PBXNativeTarget;
			buildConfigurationList = CA6D00EF22D3745500FDA80A /* Build configuration list for PBXNativeTarget "Project17" */;
			buildPhases = (
				CA6D00D322D3745500FDA80A /* Sources */,
				CA6D00D422D3745500FDA80A /* Frameworks */,
				CA6D00D522D3745500FDA80A /* Resources */,
			);
			buildRules = (
			);
			dependencies = (
			);
			name = Project17;
			productName = Project17;
			productReference = CA6D00D722D3745500FDA80A /* Project17.app */;
			productType = "com.apple.product-type.application";
		};
/* End PBXNativeTarget section */

/* Begin PBXProject section */
		CA6D00CF22D3745500FDA80A /* Project object */ = {
			isa = PBXProject;
			attributes = {
				LastSwiftUpdateCheck = 1020;
				LastUpgradeCheck = 1020;
				ORGANIZATIONNAME = "Yury Popov";
				TargetAttributes = {
					CA6D00D622D3745500FDA80A = {
						CreatedOnToolsVersion = 10.2.1;
					};
				};
			};
			buildConfigurationList = CA6D00D222D3745500FDA80A /* Build configuration list for PBXProject "Project17" */;
			compatibilityVersion = "Xcode 9.3";
			developmentRegion = en;
			hasScannedForEncodings = 0;
			knownRegions = (
				en,
				Base,
			);
			mainGroup = CA6D00CE22D3745500FDA80A;
			productRefGroup = CA6D00D822D3745500FDA80A /* Products */;
			projectDirPath = "";
			projectRoot = "";
			targets = (
				CA6D00D622D3745500FDA80A /* Project17 */,
			);
		};
/* End PBXProject section */

/* Begin PBXResourcesBuildPhase section */
		CA6D00D522D3745500FDA80A /* Resources */ = {
			isa = PBXResourcesBuildPhase;
			buildActionMask = 2147483647;
			files = (
				CA6D00E622D3745500FDA80A /* Main.storyboard in Resources */,
				CA6D00DD22D3745500FDA80A /* GameScene.sks in Resources */,
				CA6D00E822D3745500FDA80A /* Assets.xcassets in Resources */,
				CA6D00F522D374EE00FDA80A /* explosion.sks in Resources */,
				CA6D00F422D374EE00FDA80A /* starfield.sks in Resources */,
				CA6D00EB22D3745500FDA80A /* LaunchScreen.storyboard in Resources */,
			);
			runOnlyForDeploymentPostprocessing = 0;
		};
/* End PBXResourcesBuildPhase section */

/* Begin PBXSourcesBuildPhase section */
		CA6D00D322D3745500FDA80A /* Sources */ = {
			isa = PBXSourcesBuildPhase;
			buildActionMask = 2147483647;
			files = (
				CA6D00E122D3745500FDA80A /* GameScene.swift in Sources */,
				CA6D00E322D3745500FDA80A /* GameViewController.swift in Sources */,
				CA6D00DB22D3745500FDA80A /* AppDelegate.swift in Sources */,
			);
			runOnlyForDeploymentPostprocessing = 0;
		};
/* End PBXSourcesBuildPhase section */

/* Begin PBXVariantGroup section */
		CA6D00E422D3745500FDA80A /* Main.storyboard */ = {
			isa = PBXVariantGroup;
			children = (
				CA6D00E522D3745500FDA80A /* Base */,
			);
			name = Main.storyboard;
			sourceTree = "<group>";
		};
		CA6D00E922D3745500FDA80A /* LaunchScreen.storyboard */ = {
			isa = PBXVariantGroup;
			children = (
				CA6D00EA22D3745500FDA80A /* Base */,
			);
			name = LaunchScreen.storyboard;
			sourceTree = "<group>";
		};
/* End PBXVariantGroup section */

/* Begin XCBuildConfiguration section */
		CA6D00ED22D3745500FDA80A /* Debug */ = {
			isa = XCBuildConfiguration;
			buildSettings = {
				ALWAYS_SEARCH_USER_PATHS = NO;
				CLANG_ANALYZER_NONNULL = YES;
				CLANG_ANALYZER_NUMBER_OBJECT_CONVERSION = YES_AGGRESSIVE;
				CLANG_CXX_LANGUAGE_STANDARD = "gnu++14";
				CLANG_CXX_LIBRARY = "libc++";
				CLANG_ENABLE_MODULES = YES;
				CLANG_ENABLE_OBJC_ARC = YES;
				CLANG_ENABLE_OBJC_WEAK = YES;
				CLANG_WARN_BLOCK_CAPTURE_AUTORELEASING = YES;
				CLANG_WARN_BOOL_CONVERSION = YES;
				CLANG_WARN_COMMA = YES;
				CLANG_WARN_CONSTANT_CONVERSION = YES;
				CLANG_WARN_DEPRECATED_OBJC_IMPLEMENTATIONS = YES;
				CLANG_WARN_DIRECT_OBJC_ISA_USAGE = YES_ERROR;
				CLANG_WARN_DOCUMENTATION_COMMENTS = YES;
				CLANG_WARN_EMPTY_BODY = YES;
				CLANG_WARN_ENUM_CONVERSION = YES;
				CLANG_WARN_INFINITE_RECURSION = YES;
				CLANG_WARN_INT_CONVERSION = YES;
				CLANG_WARN_NON_LITERAL_NULL_CONVERSION = YES;
				CLANG_WARN_OBJC_IMPLICIT_RETAIN_SELF = YES;
				CLANG_WARN_OBJC_LITERAL_CONVERSION = YES;
				CLANG_WARN_OBJC_ROOT_CLASS = YES_ERROR;
				CLANG_WARN_RANGE_LOOP_ANALYSIS = YES;
				CLANG_WARN_STRICT_PROTOTYPES = YES;
				CLANG_WARN_SUSPICIOUS_MOVE = YES;
				CLANG_WARN_UNGUARDED_AVAILABILITY = YES_AGGRESSIVE;
				CLANG_WARN_UNREACHABLE_CODE = YES;
				CLANG_WARN__DUPLICATE_METHOD_MATCH = YES;
				CODE_SIGN_IDENTITY = "iPhone Developer";
				COPY_PHASE_STRIP = NO;
				DEBUG_INFORMATION_FORMAT = dwarf;
				ENABLE_STRICT_OBJC_MSGSEND = YES;
				ENABLE_TESTABILITY = YES;
				GCC_C_LANGUAGE_STANDARD = gnu11;
				GCC_DYNAMIC_NO_PIC = NO;
				GCC_NO_COMMON_BLOCKS = YES;
				GCC_OPTIMIZATION_LEVEL = 0;
				GCC_PREPROCESSOR_DEFINITIONS = (
					"DEBUG=1",
					"$(inherited)",
				);
				GCC_WARN_64_TO_32_BIT_CONVERSION = YES;
				GCC_WARN_ABOUT_RETURN_TYPE = YES_ERROR;
				GCC_WARN_UNDECLARED_SELECTOR = YES;
				GCC_WARN_UNINITIALIZED_AUTOS = YES_AGGRESSIVE;
				GCC_WARN_UNUSED_FUNCTION = YES;
				GCC_WARN_UNUSED_VARIABLE = YES;
				IPHONEOS_DEPLOYMENT_TARGET = 12.2;
				MTL_ENABLE_DEBUG_INFO = INCLUDE_SOURCE;
				MTL_FAST_MATH = YES;
				ONLY_ACTIVE_ARCH = YES;
				SDKROOT = iphoneos;
				SWIFT_ACTIVE_COMPILATION_CONDITIONS = DEBUG;
				SWIFT_OPTIMIZATION_LEVEL = "-Onone";
			};
			name = Debug;
		};
		CA6D00EE22D3745500FDA80A /* Release */ = {
			isa = XCBuildConfiguration;
			buildSettings = {
				ALWAYS_SEARCH_USER_PATHS = NO;
				CLANG_ANALYZER_NONNULL = YES;
				CLANG_ANALYZER_NUMBER_OBJECT_CONVERSION = YES_AGGRESSIVE;
				CLANG_CXX_LANGUAGE_STANDARD = "gnu++14";
				CLANG_CXX_LIBRARY = "libc++";
				CLANG_ENABLE_MODULES = YES;
				CLANG_ENABLE_OBJC_ARC = YES;
				CLANG_ENABLE_OBJC_WEAK = YES;
				CLANG_WARN_BLOCK_CAPTURE_AUTORELEASING = YES;
				CLANG_WARN_BOOL_CONVERSION = YES;
				CLANG_WARN_COMMA = YES;
				CLANG_WARN_CONSTANT_CONVERSION = YES;
				CLANG_WARN_DEPRECATED_OBJC_IMPLEMENTATIONS = YES;
				CLANG_WARN_DIRECT_OBJC_ISA_USAGE = YES_ERROR;
				CLANG_WARN_DOCUMENTATION_COMMENTS = YES;
				CLANG_WARN_EMPTY_BODY = YES;
				CLANG_WARN_ENUM_CONVERSION = YES;
				CLANG_WARN_INFINITE_RECURSION = YES;
				CLANG_WARN_INT_CONVERSION = YES;
				CLANG_WARN_NON_LITERAL_NULL_CONVERSION = YES;
				CLANG_WARN_OBJC_IMPLICIT_RETAIN_SELF = YES;
				CLANG_WARN_OBJC_LITERAL_CONVERSION = YES;
				CLANG_WARN_OBJC_ROOT_CLASS = YES_ERROR;
				CLANG_WARN_RANGE_LOOP_ANALYSIS = YES;
				CLANG_WARN_STRICT_PROTOTYPES = YES;
				CLANG_WARN_SUSPICIOUS_MOVE = YES;
				CLANG_WARN_UNGUARDED_AVAILABILITY = YES_AGGRESSIVE;
				CLANG_WARN_UNREACHABLE_CODE = YES;
				CLANG_WARN__DUPLICATE_METHOD_MATCH = YES;
				CODE_SIGN_IDENTITY = "iPhone Developer";
				COPY_PHASE_STRIP = NO;
				DEBUG_INFORMATION_FORMAT = "dwarf-with-dsym";
				ENABLE_NS_ASSERTIONS = NO;
				ENABLE_STRICT_OBJC_MSGSEND = YES;
				GCC_C_LANGUAGE_STANDARD = gnu11;
				GCC_NO_COMMON_BLOCKS = YES;
				GCC_WARN_64_TO_32_BIT_CONVERSION = YES;
				GCC_WARN_ABOUT_RETURN_TYPE = YES_ERROR;
				GCC_WARN_UNDECLARED_SELECTOR = YES;
				GCC_WARN_UNINITIALIZED_AUTOS = YES_AGGRESSIVE;
				GCC_WARN_UNUSED_FUNCTION = YES;
				GCC_WARN_UNUSED_VARIABLE = YES;
				IPHONEOS_DEPLOYMENT_TARGET = 12.2;
				MTL_ENABLE_DEBUG_INFO = NO;
				MTL_FAST_MATH = YES;
				SDKROOT = iphoneos;
				SWIFT_COMPILATION_MODE = wholemodule;
				SWIFT_OPTIMIZATION_LEVEL = "-O";
				VALIDATE_PRODUCT = YES;
			};
			name = Release;
		};
		CA6D00F022D3745500FDA80A /* Debug */ = {
			isa = XCBuildConfiguration;
			buildSettings = {
				ASSETCATALOG_COMPILER_APPICON_NAME = AppIcon;
				CODE_SIGN_STYLE = Automatic;
				DEVELOPMENT_TEAM = 54SGD4HVN5;
				INFOPLIST_FILE = Project17/Info.plist;
				LD_RUNPATH_SEARCH_PATHS = (
					"$(inherited)",
					"@executable_path/Frameworks",
				);
				PRODUCT_BUNDLE_IDENTIFIER = com.YuryPopov.Project17;
				PRODUCT_NAME = "$(TARGET_NAME)";
				SWIFT_VERSION = 5.0;
				TARGETED_DEVICE_FAMILY = 2;
			};
			name = Debug;
		};
		CA6D00F122D3745500FDA80A /* Release */ = {
			isa = XCBuildConfiguration;
			buildSettings = {
				ASSETCATALOG_COMPILER_APPICON_NAME = AppIcon;
				CODE_SIGN_STYLE = Automatic;
				DEVELOPMENT_TEAM = 54SGD4HVN5;
				INFOPLIST_FILE = Project17/Info.plist;
				LD_RUNPATH_SEARCH_PATHS = (
					"$(inherited)",
					"@executable_path/Frameworks",
				);
				PRODUCT_BUNDLE_IDENTIFIER = com.YuryPopov.Project17;
				PRODUCT_NAME = "$(TARGET_NAME)";
				SWIFT_VERSION = 5.0;
				TARGETED_DEVICE_FAMILY = 2;
			};
			name = Release;
		};
/* End XCBuildConfiguration section */

/* Begin XCConfigurationList section */
		CA6D00D222D3745500FDA80A /* Build configuration list for PBXProject "Project17" */ = {
			isa = XCConfigurationList;
			buildConfigurations = (
				CA6D00ED22D3745500FDA80A /* Debug */,
				CA6D00EE22D3745500FDA80A /* Release */,
			);
			defaultConfigurationIsVisible = 0;
			defaultConfigurationName = Release;
		};
		CA6D00EF22D3745500FDA80A /* Build configuration list for PBXNativeTarget "Project17" */ = {
			isa = XCConfigurationList;
			buildConfigurations = (
				CA6D00F022D3745500FDA80A /* Debug */,
				CA6D00F122D3745500FDA80A /* Release */,
			);
			defaultConfigurationIsVisible = 0;
			defaultConfigurationName = Release;
		};
/* End XCConfigurationList section */
	};
	rootObject = CA6D00CF22D3745500FDA80A /* Project object */;
}
