// !$*UTF8*$!
{
	archiveVersion = 1;
	classes = {
	};
	objectVersion = 50;
	objects = {

/* Begin PBXBuildFile section */
		CA6D009122CF42EF00FDA80A /* AppDelegate.swift in Sources */ = {isa = PBXBuildFile; fileRef = CA6D009022CF42EF00FDA80A /* AppDelegate.swift */; };
		CA6D009622CF42EF00FDA80A /* Main.storyboard in Resources */ = {isa = PBXBuildFile; fileRef = CA6D009422CF42EF00FDA80A /* Main.storyboard */; };
		CA6D009822CF42EF00FDA80A /* Assets.xcassets in Resources */ = {isa = PBXBuildFile; fileRef = CA6D009722CF42EF00FDA80A /* Assets.xcassets */; };
		CA6D009B22CF42EF00FDA80A /* LaunchScreen.storyboard in Resources */ = {isa = PBXBuildFile; fileRef = CA6D009922CF42EF00FDA80A /* LaunchScreen.storyboard */; };
		CA6D00A322CF431000FDA80A /* Country.swift in Sources */ = {isa = PBXBuildFile; fileRef = CA6D00A222CF431000FDA80A /* Country.swift */; };
		CA6D00A522CF435E00FDA80A /* TableViewController.swift in Sources */ = {isa = PBXBuildFile; fileRef = CA6D00A422CF435E00FDA80A /* TableViewController.swift */; };
		CA6D00A722CF443700FDA80A /* DetailTableViewController.swift in Sources */ = {isa = PBXBuildFile; fileRef = CA6D00A622CF443700FDA80A /* DetailTableViewController.swift */; };
		CA6D00A922CF454000FDA80A /* CountryTableViewCell.swift in Sources */ = {isa = PBXBuildFile; fileRef = CA6D00A822CF454000FDA80A /* CountryTableViewCell.swift */; };
		CA6D00AB22CF4AAA00FDA80A /* country.json in Resources */ = {isa = PBXBuildFile; fileRef = CA6D00AA22CF4AAA00FDA80A /* country.json */; };
/* End PBXBuildFile section */

/* Begin PBXFileReference section */
		CA6D008D22CF42EF00FDA80A /* MilestoneProject13-15.app */ = {isa = PBXFileReference; explicitFileType = wrapper.application; includeInIndex = 0; path = "MilestoneProject13-15.app"; sourceTree = BUILT_PRODUCTS_DIR; };
		CA6D009022CF42EF00FDA80A /* AppDelegate.swift */ = {isa = PBXFileReference; lastKnownFileType = sourcecode.swift; path = AppDelegate.swift; sourceTree = "<group>"; };
		CA6D009522CF42EF00FDA80A /* Base */ = {isa = PBXFileReference; lastKnownFileType = file.storyboard; name = Base; path = Base.lproj/Main.storyboard; sourceTree = "<group>"; };
		CA6D009722CF42EF00FDA80A /* Assets.xcassets */ = {isa = PBXFileReference; lastKnownFileType = folder.assetcatalog; path = Assets.xcassets; sourceTree = "<group>"; };
		CA6D009A22CF42EF00FDA80A /* Base */ = {isa = PBXFileReference; lastKnownFileType = file.storyboard; name = Base; path = Base.lproj/LaunchScreen.storyboard; sourceTree = "<group>"; };
		CA6D009C22CF42EF00FDA80A /* Info.plist */ = {isa = PBXFileReference; lastKnownFileType = text.plist.xml; path = Info.plist; sourceTree = "<group>"; };
		CA6D00A222CF431000FDA80A /* Country.swift */ = {isa = PBXFileReference; lastKnownFileType = sourcecode.swift; path = Country.swift; sourceTree = "<group>"; };
		CA6D00A422CF435E00FDA80A /* TableViewController.swift */ = {isa = PBXFileReference; lastKnownFileType = sourcecode.swift; path = TableViewController.swift; sourceTree = "<group>"; };
		CA6D00A622CF443700FDA80A /* DetailTableViewController.swift */ = {isa = PBXFileReference; lastKnownFileType = sourcecode.swift; path = DetailTableViewController.swift; sourceTree = "<group>"; };
		CA6D00A822CF454000FDA80A /* CountryTableViewCell.swift */ = {isa = PBXFileReference; lastKnownFileType = sourcecode.swift; path = CountryTableViewCell.swift; sourceTree = "<group>"; };
		CA6D00AA22CF4AAA00FDA80A /* country.json */ = {isa = PBXFileReference; fileEncoding = 4; lastKnownFileType = text.json; path = country.json; sourceTree = "<group>"; };
/* End PBXFileReference section */

/* Begin PBXFrameworksBuildPhase section */
		CA6D008A22CF42EF00FDA80A /* Frameworks */ = {
			isa = PBXFrameworksBuildPhase;
			buildActionMask = 2147483647;
			files = (
			);
			runOnlyForDeploymentPostprocessing = 0;
		};
/* End PBXFrameworksBuildPhase section */

/* Begin PBXGroup section */
		CA6D008422CF42EE00FDA80A = {
			isa = PBXGroup;
			children = (
				CA6D008F22CF42EF00FDA80A /* MilestoneProject13-15 */,
				CA6D008E22CF42EF00FDA80A /* Products */,
			);
			sourceTree = "<group>";
		};
		CA6D008E22CF42EF00FDA80A /* Products */ = {
			isa = PBXGroup;
			children = (
				CA6D008D22CF42EF00FDA80A /* MilestoneProject13-15.app */,
			);
			name = Products;
			sourceTree = "<group>";
		};
		CA6D008F22CF42EF00FDA80A /* MilestoneProject13-15 */ = {
			isa = PBXGroup;
			children = (
				CA6D009022CF42EF00FDA80A /* AppDelegate.swift */,
				CA6D00A222CF431000FDA80A /* Country.swift */,
				CA6D00A422CF435E00FDA80A /* TableViewController.swift */,
				CA6D00A622CF443700FDA80A /* DetailTableViewController.swift */,
				CA6D00A822CF454000FDA80A /* CountryTableViewCell.swift */,
				CA6D009422CF42EF00FDA80A /* Main.storyboard */,
				CA6D009722CF42EF00FDA80A /* Assets.xcassets */,
				CA6D009922CF42EF00FDA80A /* LaunchScreen.storyboard */,
				CA6D009C22CF42EF00FDA80A /* Info.plist */,
				CA6D00AA22CF4AAA00FDA80A /* country.json */,
			);
			path = "MilestoneProject13-15";
			sourceTree = "<group>";
		};
/* End PBXGroup section */

/* Begin PBXNativeTarget section */
		CA6D008C22CF42EF00FDA80A /* MilestoneProject13-15 */ = {
			isa = PBXNativeTarget;
			buildConfigurationList = CA6D009F22CF42EF00FDA80A /* Build configuration list for PBXNativeTarget "MilestoneProject13-15" */;
			buildPhases = (
				CA6D008922CF42EF00FDA80A /* Sources */,
				CA6D008A22CF42EF00FDA80A /* Frameworks */,
				CA6D008B22CF42EF00FDA80A /* Resources */,
			);
			buildRules = (
			);
			dependencies = (
			);
			name = "MilestoneProject13-15";
			productName = "MilestoneProject13-15";
			productReference = CA6D008D22CF42EF00FDA80A /* MilestoneProject13-15.app */;
			productType = "com.apple.product-type.application";
		};
/* End PBXNativeTarget section */

/* Begin PBXProject section */
		CA6D008522CF42EE00FDA80A /* Project object */ = {
			isa = PBXProject;
			attributes = {
				LastSwiftUpdateCheck = 1020;
				LastUpgradeCheck = 1020;
				ORGANIZATIONNAME = "Yury Popov";
				TargetAttributes = {
					CA6D008C22CF42EF00FDA80A = {
						CreatedOnToolsVersion = 10.2.1;
					};
				};
			};
			buildConfigurationList = CA6D008822CF42EE00FDA80A /* Build configuration list for PBXProject "MilestoneProject13-15" */;
			compatibilityVersion = "Xcode 9.3";
			developmentRegion = en;
			hasScannedForEncodings = 0;
			knownRegions = (
				en,
				Base,
			);
			mainGroup = CA6D008422CF42EE00FDA80A;
			productRefGroup = CA6D008E22CF42EF00FDA80A /* Products */;
			projectDirPath = "";
			projectRoot = "";
			targets = (
				CA6D008C22CF42EF00FDA80A /* MilestoneProject13-15 */,
			);
		};
/* End PBXProject section */

/* Begin PBXResourcesBuildPhase section */
		CA6D008B22CF42EF00FDA80A /* Resources */ = {
			isa = PBXResourcesBuildPhase;
			buildActionMask = 2147483647;
			files = (
				CA6D00AB22CF4AAA00FDA80A /* country.json in Resources */,
				CA6D009B22CF42EF00FDA80A /* LaunchScreen.storyboard in Resources */,
				CA6D009822CF42EF00FDA80A /* Assets.xcassets in Resources */,
				CA6D009622CF42EF00FDA80A /* Main.storyboard in Resources */,
			);
			runOnlyForDeploymentPostprocessing = 0;
		};
/* End PBXResourcesBuildPhase section */

/* Begin PBXSourcesBuildPhase section */
		CA6D008922CF42EF00FDA80A /* Sources */ = {
			isa = PBXSourcesBuildPhase;
			buildActionMask = 2147483647;
			files = (
				CA6D00A722CF443700FDA80A /* DetailTableViewController.swift in Sources */,
				CA6D00A322CF431000FDA80A /* Country.swift in Sources */,
				CA6D00A522CF435E00FDA80A /* TableViewController.swift in Sources */,
				CA6D009122CF42EF00FDA80A /* AppDelegate.swift in Sources */,
				CA6D00A922CF454000FDA80A /* CountryTableViewCell.swift in Sources */,
			);
			runOnlyForDeploymentPostprocessing = 0;
		};
/* End PBXSourcesBuildPhase section */

/* Begin PBXVariantGroup section */
		CA6D009422CF42EF00FDA80A /* Main.storyboard */ = {
			isa = PBXVariantGroup;
			children = (
				CA6D009522CF42EF00FDA80A /* Base */,
			);
			name = Main.storyboard;
			sourceTree = "<group>";
		};
		CA6D009922CF42EF00FDA80A /* LaunchScreen.storyboard */ = {
			isa = PBXVariantGroup;
			children = (
				CA6D009A22CF42EF00FDA80A /* Base */,
			);
			name = LaunchScreen.storyboard;
			sourceTree = "<group>";
		};
/* End PBXVariantGroup section */

/* Begin XCBuildConfiguration section */
		CA6D009D22CF42EF00FDA80A /* Debug */ = {
			isa = XCBuildConfiguration;
			buildSettings = {
				ALWAYS_SEARCH_USER_PATHS = NO;
				CLANG_ANALYZER_NONNULL = YES;
				CLANG_ANALYZER_NUMBER_OBJECT_CONVERSION = YES_AGGRESSIVE;
				CLANG_CXX_LANGUAGE_STANDARD = "gnu++14";
				CLANG_CXX_LIBRARY = "libc++";
				CLANG_ENABLE_MODULES = YES;
				CLANG_ENABLE_OBJC_ARC = YES;
				CLANG_ENABLE_OBJC_WEAK = YES;
				CLANG_WARN_BLOCK_CAPTURE_AUTORELEASING = YES;
				CLANG_WARN_BOOL_CONVERSION = YES;
				CLANG_WARN_COMMA = YES;
				CLANG_WARN_CONSTANT_CONVERSION = YES;
				CLANG_WARN_DEPRECATED_OBJC_IMPLEMENTATIONS = YES;
				CLANG_WARN_DIRECT_OBJC_ISA_USAGE = YES_ERROR;
				CLANG_WARN_DOCUMENTATION_COMMENTS = YES;
				CLANG_WARN_EMPTY_BODY = YES;
				CLANG_WARN_ENUM_CONVERSION = YES;
				CLANG_WARN_INFINITE_RECURSION = YES;
				CLANG_WARN_INT_CONVERSION = YES;
				CLANG_WARN_NON_LITERAL_NULL_CONVERSION = YES;
				CLANG_WARN_OBJC_IMPLICIT_RETAIN_SELF = YES;
				CLANG_WARN_OBJC_LITERAL_CONVERSION = YES;
				CLANG_WARN_OBJC_ROOT_CLASS = YES_ERROR;
				CLANG_WARN_RANGE_LOOP_ANALYSIS = YES;
				CLANG_WARN_STRICT_PROTOTYPES = YES;
				CLANG_WARN_SUSPICIOUS_MOVE = YES;
				CLANG_WARN_UNGUARDED_AVAILABILITY = YES_AGGRESSIVE;
				CLANG_WARN_UNREACHABLE_CODE = YES;
				CLANG_WARN__DUPLICATE_METHOD_MATCH = YES;
				CODE_SIGN_IDENTITY = "iPhone Developer";
				COPY_PHASE_STRIP = NO;
				DEBUG_INFORMATION_FORMAT = dwarf;
				ENABLE_STRICT_OBJC_MSGSEND = YES;
				ENABLE_TESTABILITY = YES;
				GCC_C_LANGUAGE_STANDARD = gnu11;
				GCC_DYNAMIC_NO_PIC = NO;
				GCC_NO_COMMON_BLOCKS = YES;
				GCC_OPTIMIZATION_LEVEL = 0;
				GCC_PREPROCESSOR_DEFINITIONS = (
					"DEBUG=1",
					"$(inherited)",
				);
				GCC_WARN_64_TO_32_BIT_CONVERSION = YES;
				GCC_WARN_ABOUT_RETURN_TYPE = YES_ERROR;
				GCC_WARN_UNDECLARED_SELECTOR = YES;
				GCC_WARN_UNINITIALIZED_AUTOS = YES_AGGRESSIVE;
				GCC_WARN_UNUSED_FUNCTION = YES;
				GCC_WARN_UNUSED_VARIABLE = YES;
				IPHONEOS_DEPLOYMENT_TARGET = 12.2;
				MTL_ENABLE_DEBUG_INFO = INCLUDE_SOURCE;
				MTL_FAST_MATH = YES;
				ONLY_ACTIVE_ARCH = YES;
				SDKROOT = iphoneos;
				SWIFT_ACTIVE_COMPILATION_CONDITIONS = DEBUG;
				SWIFT_OPTIMIZATION_LEVEL = "-Onone";
			};
			name = Debug;
		};
		CA6D009E22CF42EF00FDA80A /* Release */ = {
			isa = XCBuildConfiguration;
			buildSettings = {
				ALWAYS_SEARCH_USER_PATHS = NO;
				CLANG_ANALYZER_NONNULL = YES;
				CLANG_ANALYZER_NUMBER_OBJECT_CONVERSION = YES_AGGRESSIVE;
				CLANG_CXX_LANGUAGE_STANDARD = "gnu++14";
				CLANG_CXX_LIBRARY = "libc++";
				CLANG_ENABLE_MODULES = YES;
				CLANG_ENABLE_OBJC_ARC = YES;
				CLANG_ENABLE_OBJC_WEAK = YES;
				CLANG_WARN_BLOCK_CAPTURE_AUTORELEASING = YES;
				CLANG_WARN_BOOL_CONVERSION = YES;
				CLANG_WARN_COMMA = YES;
				CLANG_WARN_CONSTANT_CONVERSION = YES;
				CLANG_WARN_DEPRECATED_OBJC_IMPLEMENTATIONS = YES;
				CLANG_WARN_DIRECT_OBJC_ISA_USAGE = YES_ERROR;
				CLANG_WARN_DOCUMENTATION_COMMENTS = YES;
				CLANG_WARN_EMPTY_BODY = YES;
				CLANG_WARN_ENUM_CONVERSION = YES;
				CLANG_WARN_INFINITE_RECURSION = YES;
				CLANG_WARN_INT_CONVERSION = YES;
				CLANG_WARN_NON_LITERAL_NULL_CONVERSION = YES;
				CLANG_WARN_OBJC_IMPLICIT_RETAIN_SELF = YES;
				CLANG_WARN_OBJC_LITERAL_CONVERSION = YES;
				CLANG_WARN_OBJC_ROOT_CLASS = YES_ERROR;
				CLANG_WARN_RANGE_LOOP_ANALYSIS = YES;
				CLANG_WARN_STRICT_PROTOTYPES = YES;
				CLANG_WARN_SUSPICIOUS_MOVE = YES;
				CLANG_WARN_UNGUARDED_AVAILABILITY = YES_AGGRESSIVE;
				CLANG_WARN_UNREACHABLE_CODE = YES;
				CLANG_WARN__DUPLICATE_METHOD_MATCH = YES;
				CODE_SIGN_IDENTITY = "iPhone Developer";
				COPY_PHASE_STRIP = NO;
				DEBUG_INFORMATION_FORMAT = "dwarf-with-dsym";
				ENABLE_NS_ASSERTIONS = NO;
				ENABLE_STRICT_OBJC_MSGSEND = YES;
				GCC_C_LANGUAGE_STANDARD = gnu11;
				GCC_NO_COMMON_BLOCKS = YES;
				GCC_WARN_64_TO_32_BIT_CONVERSION = YES;
				GCC_WARN_ABOUT_RETURN_TYPE = YES_ERROR;
				GCC_WARN_UNDECLARED_SELECTOR = YES;
				GCC_WARN_UNINITIALIZED_AUTOS = YES_AGGRESSIVE;
				GCC_WARN_UNUSED_FUNCTION = YES;
				GCC_WARN_UNUSED_VARIABLE = YES;
				IPHONEOS_DEPLOYMENT_TARGET = 12.2;
				MTL_ENABLE_DEBUG_INFO = NO;
				MTL_FAST_MATH = YES;
				SDKROOT = iphoneos;
				SWIFT_COMPILATION_MODE = wholemodule;
				SWIFT_OPTIMIZATION_LEVEL = "-O";
				VALIDATE_PRODUCT = YES;
			};
			name = Release;
		};
		CA6D00A022CF42EF00FDA80A /* Debug */ = {
			isa = XCBuildConfiguration;
			buildSettings = {
				ASSETCATALOG_COMPILER_APPICON_NAME = AppIcon;
				CODE_SIGN_STYLE = Automatic;
				DEVELOPMENT_TEAM = 54SGD4HVN5;
				INFOPLIST_FILE = "MilestoneProject13-15/Info.plist";
				LD_RUNPATH_SEARCH_PATHS = (
					"$(inherited)",
					"@executable_path/Frameworks",
				);
				PRODUCT_BUNDLE_IDENTIFIER = "com.YuryPopov.MilestoneProject13-15";
				PRODUCT_NAME = "$(TARGET_NAME)";
				SWIFT_VERSION = 5.0;
				TARGETED_DEVICE_FAMILY = "1,2";
			};
			name = Debug;
		};
		CA6D00A122CF42EF00FDA80A /* Release */ = {
			isa = XCBuildConfiguration;
			buildSettings = {
				ASSETCATALOG_COMPILER_APPICON_NAME = AppIcon;
				CODE_SIGN_STYLE = Automatic;
				DEVELOPMENT_TEAM = 54SGD4HVN5;
				INFOPLIST_FILE = "MilestoneProject13-15/Info.plist";
				LD_RUNPATH_SEARCH_PATHS = (
					"$(inherited)",
					"@executable_path/Frameworks",
				);
				PRODUCT_BUNDLE_IDENTIFIER = "com.YuryPopov.MilestoneProject13-15";
				PRODUCT_NAME = "$(TARGET_NAME)";
				SWIFT_VERSION = 5.0;
				TARGETED_DEVICE_FAMILY = "1,2";
			};
			name = Release;
		};
/* End XCBuildConfiguration section */

/* Begin XCConfigurationList section */
		CA6D008822CF42EE00FDA80A /* Build configuration list for PBXProject "MilestoneProject13-15" */ = {
			isa = XCConfigurationList;
			buildConfigurations = (
				CA6D009D22CF42EF00FDA80A /* Debug */,
				CA6D009E22CF42EF00FDA80A /* Release */,
			);
			defaultConfigurationIsVisible = 0;
			defaultConfigurationName = Release;
		};
		CA6D009F22CF42EF00FDA80A /* Build configuration list for PBXNativeTarget "MilestoneProject13-15" */ = {
			isa = XCConfigurationList;
			buildConfigurations = (
				CA6D00A022CF42EF00FDA80A /* Debug */,
				CA6D00A122CF42EF00FDA80A /* Release */,
			);
			defaultConfigurationIsVisible = 0;
			defaultConfigurationName = Release;
		};
/* End XCConfigurationList section */
	};
	rootObject = CA6D008522CF42EE00FDA80A /* Project object */;
}
